
Microsoft Visual Studio Solution File, Format Version 12.00
# Visual Studio 15
VisualStudioVersion = 15.0.28307.902
MinimumVisualStudioVersion = 10.0.40219.1
Project("{9A19103F-16F7-4668-BE54-9A1E7A4F7556}") = "SportsStore", "SportsStore\SportsStore.csproj", "{D202CCC1-3DCC-42E9-9D17-EE53A46020C1}"
EndProject
Project("{FAE04EC0-301F-11D3-BF4B-00C04F79EFBC}") = "SportsStore.Tests", "SportsStore.Tests\SportsStore.Tests.csproj", "{39BB9B71-444F-4BB7-9D18-83F659A64F4B}"
EndProject
Global
	GlobalSection(SolutionConfigurationPlatforms) = preSolution
		Debug|Any CPU = Debug|Any CPU
		Release|Any CPU = Release|Any CPU
	EndGlobalSection
	GlobalSection(ProjectConfigurationPlatforms) = postSolution
		{D202CCC1-3DCC-42E9-9D17-EE53A46020C1}.Debug|Any CPU.ActiveCfg = Debug|Any CPU
		{D202CCC1-3DCC-42E9-9D17-EE53A46020C1}.Debug|Any CPU.Build.0 = Debug|Any CPU
		{D202CCC1-3DCC-42E9-9D17-EE53A46020C1}.Release|Any CPU.ActiveCfg = Release|Any CPU
		{D202CCC1-3DCC-42E9-9D17-EE53A46020C1}.Release|Any CPU.Build.0 = Release|Any CPU
		{39BB9B71-444F-4BB7-9D18-83F659A64F4B}.Debug|Any CPU.ActiveCfg = Debug|Any CPU
		{39BB9B71-444F-4BB7-9D18-83F659A64F4B}.Debug|Any CPU.Build.0 = Debug|Any CPU
		{39BB9B71-444F-4BB7-9D18-83F659A64F4B}.Release|Any CPU.ActiveCfg = Release|Any CPU
		{39BB9B71-444F-4BB7-9D18-83F659A64F4B}.Release|Any CPU.Build.0 = Release|Any CPU
	EndGlobalSection
	GlobalSection(SolutionProperties) = preSolution
		HideSolutionNode = FALSE
	EndGlobalSection
	GlobalSection(ExtensibilityGlobals) = postSolution
		SolutionGuid = {3A4AA277-441E-435B-9C44-0403D27C94EB}
	EndGlobalSection
EndGlobal
